PODS:
  - Alamofire (3.4.1)
  - D3Model (2.0.3)
  - SwiftyJSON (2.3.2)
  - XLProgressHUD (1.0.5)
  - XWSwiftRefresh (0.1.9)

DEPENDENCIES:
  - Alamofire (~> 3.4)
  - D3Model (~> 2.0.3)
  - SwiftyJSON
  - XLProgressHUD (~> 1.0.5)
  - XWSwiftRefresh (~> 0.1.9)

SPEC CHECKSUMS:
  Alamofire: 01a82e2f6c0f860ade35534c8dd88be61bdef40c
  D3Model: c82b45de2df793bc5c6906dfb74955eb8aa9e3e9
  SwiftyJSON: 04ccea08915aa0109039157c7974cf0298da292a
  XLProgressHUD: 43835d0404b2efdee052c25851eb082e2f98ca99
  XWSwiftRefresh: 1981ad8f7579da94c94a8e7720803f2579dcde46

PODFILE CHECKSUM: 340d232707b92c86ae1c3f58ad61fa4955208274

COCOAPODS: 1.0.1
